github.com/go-sql-driver/mysql v1.5.0 h1:ozyZYNQW3x3HtqT1jira07DN2PArx2v7/mN66gGcHOs=
github.com/go-sql-driver/mysql v1.5.0/go.mod h1:DCzpHaOWr8IXmIStZouvnhqoel9Qv2LBy8hT2VhHyBg=
github.com/konsorten/go-windows-terminal-sequences v1.0.2 h1:DB17ag19krx9CFsz4o3enTrPXyIXCl+2iCXH/aMAp9s=
github.com/konsorten/go-windows-terminal-sequences v1.0.2/go.mod h1:T0+1ngSBFLxvqU3pZ+m/2kptfBszLMUkC4ZK/EgS/cQ=
ztaylor.me/cast v0.0.10 h1:vOFs8jFN/aPPL5VzQRhouWajs32sXrMKhLPpJcKEfxs=
ztaylor.me/cast v0.0.10/go.mod h1:p8ZQLnJl3eztST7dVCtbgRUbmxBzgNLW7pPFYTtwTEE=
ztaylor.me/env v0.0.0 h1:IsP131IIm0N0Jyl9v4tlpEEc2DALdlskjSqwHx9TcFg=
ztaylor.me/env v0.0.0/go.mod h1:vtM3k89yjEvOoZBoplhurPCEQXqzePJo2sWniru1YFg=
ztaylor.me/log v0.0.8 h1:0xd3TJCR64CJsz45wol3d1iZWWRT8srkKKV8lrxew1M=
ztaylor.me/log v0.0.8/go.mod h1:Mp2F3tyEWcb+vot48HGlvBjMw4jis48APzMGuU9Wc3A=
