github.com/go-sql-driver/mysql v1.4.1 h1:g24URVg0OFbNUTx9qqY1IRZ9D9z3iPyi5zKhQZpNwpA=
github.com/go-sql-driver/mysql v1.4.1/go.mod h1:zAC/RDZ24gD3HViQzih4MyKcchzm+sOG5ZlKdlhCg5w=
github.com/konsorten/go-windows-terminal-sequences v1.0.2 h1:DB17ag19krx9CFsz4o3enTrPXyIXCl+2iCXH/aMAp9s=
github.com/konsorten/go-windows-terminal-sequences v1.0.2/go.mod h1:T0+1ngSBFLxvqU3pZ+m/2kptfBszLMUkC4ZK/EgS/cQ=
ztaylor.me/cast v0.0.2 h1:K9vtCRnIYzdEGmJypTSJAOzWzeRhiWT+41UYs35PPEs=
ztaylor.me/cast v0.0.2/go.mod h1:G9ymn3cfJzslKFC0rnChiiDMJQoe8LOOyY1XzuDOFGQ=
ztaylor.me/env v0.0.0 h1:IsP131IIm0N0Jyl9v4tlpEEc2DALdlskjSqwHx9TcFg=
ztaylor.me/env v0.0.0/go.mod h1:vtM3k89yjEvOoZBoplhurPCEQXqzePJo2sWniru1YFg=
ztaylor.me/log v0.0.2 h1:xxAqtoSQAP04xn/2aMnq1HgNVUs9HIFxgaIoE1KTy5Y=
ztaylor.me/log v0.0.2/go.mod h1:zCmtXbSOu3AoJxLfGUrLvHmRz5ZFqldvUR+zbVQlwNk=
